
Microsoft Visual Studio Solution File, Format Version 12.00
# Visual Studio Version 16
VisualStudioVersion = 16.0.35026.282
MinimumVisualStudioVersion = 10.0.40219.1
Project("{FAE04EC0-301F-11D3-BF4B-00C04F79EFBC}") = "TimeTracker", "TimeTracker.csproj", "{56F5E1A2-DB38-4484-928E-C28CF6F993C4}"
EndProject
Project("{FAE04EC0-301F-11D3-BF4B-00C04F79EFBC}") = "TimeTrackerDisplay", "TimeTrackerDisplay\TimeTrackerDisplay.csproj", "{8A2F5F56-B3A0-4EEB-B597-BFAA3CAE8480}"
EndProject
Global
	GlobalSection(SolutionConfigurationPlatforms) = preSolution
		Debug|Any CPU = Debug|Any CPU
		Release|Any CPU = Release|Any CPU
	EndGlobalSection
	GlobalSection(ProjectConfigurationPlatforms) = postSolution
		{56F5E1A2-DB38-4484-928E-C28CF6F993C4}.Debug|Any CPU.ActiveCfg = Debug|Any CPU
		{56F5E1A2-DB38-4484-928E-C28CF6F993C4}.Debug|Any CPU.Build.0 = Debug|Any CPU
		{56F5E1A2-DB38-4484-928E-C28CF6F993C4}.Release|Any CPU.ActiveCfg = Release|Any CPU
		{56F5E1A2-DB38-4484-928E-C28CF6F993C4}.Release|Any CPU.Build.0 = Release|Any CPU
		{8A2F5F56-B3A0-4EEB-B597-BFAA3CAE8480}.Debug|Any CPU.ActiveCfg = Debug|Any CPU
		{8A2F5F56-B3A0-4EEB-B597-BFAA3CAE8480}.Debug|Any CPU.Build.0 = Debug|Any CPU
		{8A2F5F56-B3A0-4EEB-B597-BFAA3CAE8480}.Release|Any CPU.ActiveCfg = Release|Any CPU
		{8A2F5F56-B3A0-4EEB-B597-BFAA3CAE8480}.Release|Any CPU.Build.0 = Release|Any CPU
	EndGlobalSection
	GlobalSection(SolutionProperties) = preSolution
		HideSolutionNode = FALSE
	EndGlobalSection
	GlobalSection(ExtensibilityGlobals) = postSolution
		SolutionGuid = {0D61A91D-D65F-46AC-B7C0-4AF503ED079B}
	EndGlobalSection
EndGlobal
